
Microsoft Visual Studio Solution File, Format Version 12.00
# Visual Studio Version 16
VisualStudioVersion = 16.0.31205.134
MinimumVisualStudioVersion = 10.0.40219.1
Project("{FAE04EC0-301F-11D3-BF4B-00C04F79EFBC}") = "LINQ OrderBy", "LINQ OrderBy.csproj", "{23E1F1E9-C8D4-4049-9D08-1341F6D6522B}"
EndProject
Global
	GlobalSection(SolutionConfigurationPlatforms) = preSolution
		Debug|Any CPU = Debug|Any CPU
		Release|Any CPU = Release|Any CPU
	EndGlobalSection
	GlobalSection(ProjectConfigurationPlatforms) = postSolution
		{23E1F1E9-C8D4-4049-9D08-1341F6D6522B}.Debug|Any CPU.ActiveCfg = Debug|Any CPU
		{23E1F1E9-C8D4-4049-9D08-1341F6D6522B}.Debug|Any CPU.Build.0 = Debug|Any CPU
		{23E1F1E9-C8D4-4049-9D08-1341F6D6522B}.Release|Any CPU.ActiveCfg = Release|Any CPU
		{23E1F1E9-C8D4-4049-9D08-1341F6D6522B}.Release|Any CPU.Build.0 = Release|Any CPU
	EndGlobalSection
	GlobalSection(SolutionProperties) = preSolution
		HideSolutionNode = FALSE
	EndGlobalSection
	GlobalSection(ExtensibilityGlobals) = postSolution
		SolutionGuid = {A21FE818-C459-429C-8E0A-DC8109AF95DB}
	EndGlobalSection
EndGlobal
